
Microsoft Visual Studio Solution File, Format Version 12.00
# Visual Studio Version 17
VisualStudioVersion = 17.0.31903.59
MinimumVisualStudioVersion = 10.0.40219.1
Project("{FAE04EC0-301F-11D3-BF4B-00C04F79EFBC}") = "Camp.DependencyInjection", "Camp.DependencyInjection\Camp.DependencyInjection.csproj", "{5B8A874A-0701-4F01-92DB-E3B15B9CBBC6}"
EndProject
Project("{FAE04EC0-301F-11D3-BF4B-00C04F79EFBC}") = "Camp.Example", "Camp.Example\Camp.Example.csproj", "{C4CF62C4-6A47-4D4D-8BAF-93612825B4A4}"
EndProject
Project("{FAE04EC0-301F-11D3-BF4B-00C04F79EFBC}") = "Camp.DiExample", "Camp.DiExample\Camp.DiExample.csproj", "{9AD22BED-DBE3-4759-AB16-DECA6964D31C}"
EndProject
Project("{FAE04EC0-301F-11D3-BF4B-00C04F79EFBC}") = "Camp.LogWriter", "Camp.LogWriter\Camp.LogWriter.csproj", "{2C1443FD-578F-4A7E-BF12-DCCEDF7F61B9}"
EndProject
Project("{FAE04EC0-301F-11D3-BF4B-00C04F79EFBC}") = "Camp.AppLifetime", "Camp.AppLifetime\Camp.AppLifetime.csproj", "{EAED1C4E-F904-4E9D-88A0-EC2FFED7219F}"
EndProject
Project("{FAE04EC0-301F-11D3-BF4B-00C04F79EFBC}") = "Camp.BinReadWriter", "Camp.BinReadWriter\Camp.BinReadWriter.csproj", "{86FE4ACF-E66B-45F9-A24D-5723503A7958}"
EndProject
Project("{FAE04EC0-301F-11D3-BF4B-00C04F79EFBC}") = "Camp.WkServices", "Camp.WkServices\Camp.WkServices.csproj", "{4CBED61E-F292-4801-AB20-8A9B41507E51}"
EndProject
Project("{FAE04EC0-301F-11D3-BF4B-00C04F79EFBC}") = "Camp.CmdLine", "Camp.CmdLine\Camp.CmdLine.csproj", "{5828E43E-6BB1-4857-8C5C-0DDAFF62B64A}"
EndProject
Project("{FAE04EC0-301F-11D3-BF4B-00C04F79EFBC}") = "Camp.Demo", "Camp.Demo\Camp.Demo.csproj", "{5EA50A4A-7D32-4A02-92D0-7037E6CA8AF6}"
EndProject
Project("{FAE04EC0-301F-11D3-BF4B-00C04F79EFBC}") = "Camp.Start", "Camp.Start\Camp.Start.csproj", "{69BC4C09-B18F-41CB-840B-AC85E51D12D6}"
EndProject
Project("{FAE04EC0-301F-11D3-BF4B-00C04F79EFBC}") = "CampArgs", "Camp.Args\CampArgs.csproj", "{6A4778FF-7A12-493C-A6A5-614FA0591641}"
EndProject
Project("{FAE04EC0-301F-11D3-BF4B-00C04F79EFBC}") = "CampEvaluate", "Camp.Evaluate\CampEvaluate.csproj", "{B6EB0484-805F-457A-8761-42A06A8399D1}"
EndProject
Project("{FAE04EC0-301F-11D3-BF4B-00C04F79EFBC}") = "CampConfiguration", "Camp.Configuration\CampConfiguration.csproj", "{E1E3F4F3-7B8D-4989-8818-1E0361C72B2F}"
EndProject
Project("{FAE04EC0-301F-11D3-BF4B-00C04F79EFBC}") = "CampWebAPIClient", "Camp.WebAPIClient\CampWebAPIClient.csproj", "{660DE95C-B43D-441E-86EF-2C4360AB61E6}"
EndProject
Project("{FAE04EC0-301F-11D3-BF4B-00C04F79EFBC}") = "CampRecords", "Camp.Records\CampRecords.csproj", "{76AE6B6F-C049-4EDE-AD25-A798EA9910DA}"
EndProject
Project("{FAE04EC0-301F-11D3-BF4B-00C04F79EFBC}") = "CampDeconstructor", "Camp.Deconstructor\CampDeconstructor.csproj", "{C12FF1A8-03E5-4B5C-904B-6AEC29961186}"
EndProject
Project("{FAE04EC0-301F-11D3-BF4B-00C04F79EFBC}") = "Camp.Pivot", "Camp.Pivot\Camp.Pivot.csproj", "{1D37F744-C65A-46B3-B57E-9813903A3880}"
EndProject
Global
	GlobalSection(SolutionConfigurationPlatforms) = preSolution
		Debug|Any CPU = Debug|Any CPU
		Release|Any CPU = Release|Any CPU
	EndGlobalSection
	GlobalSection(SolutionProperties) = preSolution
		HideSolutionNode = FALSE
	EndGlobalSection
	GlobalSection(ProjectConfigurationPlatforms) = postSolution
		{5B8A874A-0701-4F01-92DB-E3B15B9CBBC6}.Debug|Any CPU.ActiveCfg = Debug|Any CPU
		{5B8A874A-0701-4F01-92DB-E3B15B9CBBC6}.Debug|Any CPU.Build.0 = Debug|Any CPU
		{5B8A874A-0701-4F01-92DB-E3B15B9CBBC6}.Release|Any CPU.ActiveCfg = Release|Any CPU
		{5B8A874A-0701-4F01-92DB-E3B15B9CBBC6}.Release|Any CPU.Build.0 = Release|Any CPU
		{C4CF62C4-6A47-4D4D-8BAF-93612825B4A4}.Debug|Any CPU.ActiveCfg = Debug|Any CPU
		{C4CF62C4-6A47-4D4D-8BAF-93612825B4A4}.Debug|Any CPU.Build.0 = Debug|Any CPU
		{C4CF62C4-6A47-4D4D-8BAF-93612825B4A4}.Release|Any CPU.ActiveCfg = Release|Any CPU
		{C4CF62C4-6A47-4D4D-8BAF-93612825B4A4}.Release|Any CPU.Build.0 = Release|Any CPU
		{9AD22BED-DBE3-4759-AB16-DECA6964D31C}.Debug|Any CPU.ActiveCfg = Debug|Any CPU
		{9AD22BED-DBE3-4759-AB16-DECA6964D31C}.Debug|Any CPU.Build.0 = Debug|Any CPU
		{9AD22BED-DBE3-4759-AB16-DECA6964D31C}.Release|Any CPU.ActiveCfg = Release|Any CPU
		{9AD22BED-DBE3-4759-AB16-DECA6964D31C}.Release|Any CPU.Build.0 = Release|Any CPU
		{2C1443FD-578F-4A7E-BF12-DCCEDF7F61B9}.Debug|Any CPU.ActiveCfg = Debug|Any CPU
		{2C1443FD-578F-4A7E-BF12-DCCEDF7F61B9}.Debug|Any CPU.Build.0 = Debug|Any CPU
		{2C1443FD-578F-4A7E-BF12-DCCEDF7F61B9}.Release|Any CPU.ActiveCfg = Release|Any CPU
		{2C1443FD-578F-4A7E-BF12-DCCEDF7F61B9}.Release|Any CPU.Build.0 = Release|Any CPU
		{EAED1C4E-F904-4E9D-88A0-EC2FFED7219F}.Debug|Any CPU.ActiveCfg = Debug|Any CPU
		{EAED1C4E-F904-4E9D-88A0-EC2FFED7219F}.Debug|Any CPU.Build.0 = Debug|Any CPU
		{EAED1C4E-F904-4E9D-88A0-EC2FFED7219F}.Release|Any CPU.ActiveCfg = Release|Any CPU
		{EAED1C4E-F904-4E9D-88A0-EC2FFED7219F}.Release|Any CPU.Build.0 = Release|Any CPU
		{86FE4ACF-E66B-45F9-A24D-5723503A7958}.Debug|Any CPU.ActiveCfg = Debug|Any CPU
		{86FE4ACF-E66B-45F9-A24D-5723503A7958}.Debug|Any CPU.Build.0 = Debug|Any CPU
		{86FE4ACF-E66B-45F9-A24D-5723503A7958}.Release|Any CPU.ActiveCfg = Release|Any CPU
		{86FE4ACF-E66B-45F9-A24D-5723503A7958}.Release|Any CPU.Build.0 = Release|Any CPU
		{4CBED61E-F292-4801-AB20-8A9B41507E51}.Debug|Any CPU.ActiveCfg = Debug|Any CPU
		{4CBED61E-F292-4801-AB20-8A9B41507E51}.Debug|Any CPU.Build.0 = Debug|Any CPU
		{4CBED61E-F292-4801-AB20-8A9B41507E51}.Release|Any CPU.ActiveCfg = Release|Any CPU
		{4CBED61E-F292-4801-AB20-8A9B41507E51}.Release|Any CPU.Build.0 = Release|Any CPU
		{5828E43E-6BB1-4857-8C5C-0DDAFF62B64A}.Debug|Any CPU.ActiveCfg = Debug|Any CPU
		{5828E43E-6BB1-4857-8C5C-0DDAFF62B64A}.Debug|Any CPU.Build.0 = Debug|Any CPU
		{5828E43E-6BB1-4857-8C5C-0DDAFF62B64A}.Release|Any CPU.ActiveCfg = Release|Any CPU
		{5828E43E-6BB1-4857-8C5C-0DDAFF62B64A}.Release|Any CPU.Build.0 = Release|Any CPU
		{5EA50A4A-7D32-4A02-92D0-7037E6CA8AF6}.Debug|Any CPU.ActiveCfg = Debug|Any CPU
		{5EA50A4A-7D32-4A02-92D0-7037E6CA8AF6}.Debug|Any CPU.Build.0 = Debug|Any CPU
		{5EA50A4A-7D32-4A02-92D0-7037E6CA8AF6}.Release|Any CPU.ActiveCfg = Release|Any CPU
		{5EA50A4A-7D32-4A02-92D0-7037E6CA8AF6}.Release|Any CPU.Build.0 = Release|Any CPU
		{69BC4C09-B18F-41CB-840B-AC85E51D12D6}.Debug|Any CPU.ActiveCfg = Debug|Any CPU
		{69BC4C09-B18F-41CB-840B-AC85E51D12D6}.Debug|Any CPU.Build.0 = Debug|Any CPU
		{69BC4C09-B18F-41CB-840B-AC85E51D12D6}.Release|Any CPU.ActiveCfg = Release|Any CPU
		{69BC4C09-B18F-41CB-840B-AC85E51D12D6}.Release|Any CPU.Build.0 = Release|Any CPU
		{6A4778FF-7A12-493C-A6A5-614FA0591641}.Debug|Any CPU.ActiveCfg = Debug|Any CPU
		{6A4778FF-7A12-493C-A6A5-614FA0591641}.Debug|Any CPU.Build.0 = Debug|Any CPU
		{6A4778FF-7A12-493C-A6A5-614FA0591641}.Release|Any CPU.ActiveCfg = Release|Any CPU
		{6A4778FF-7A12-493C-A6A5-614FA0591641}.Release|Any CPU.Build.0 = Release|Any CPU
		{B6EB0484-805F-457A-8761-42A06A8399D1}.Debug|Any CPU.ActiveCfg = Debug|Any CPU
		{B6EB0484-805F-457A-8761-42A06A8399D1}.Debug|Any CPU.Build.0 = Debug|Any CPU
		{B6EB0484-805F-457A-8761-42A06A8399D1}.Release|Any CPU.ActiveCfg = Release|Any CPU
		{B6EB0484-805F-457A-8761-42A06A8399D1}.Release|Any CPU.Build.0 = Release|Any CPU
		{E1E3F4F3-7B8D-4989-8818-1E0361C72B2F}.Debug|Any CPU.ActiveCfg = Debug|Any CPU
		{E1E3F4F3-7B8D-4989-8818-1E0361C72B2F}.Debug|Any CPU.Build.0 = Debug|Any CPU
		{E1E3F4F3-7B8D-4989-8818-1E0361C72B2F}.Release|Any CPU.ActiveCfg = Release|Any CPU
		{E1E3F4F3-7B8D-4989-8818-1E0361C72B2F}.Release|Any CPU.Build.0 = Release|Any CPU
		{660DE95C-B43D-441E-86EF-2C4360AB61E6}.Debug|Any CPU.ActiveCfg = Debug|Any CPU
		{660DE95C-B43D-441E-86EF-2C4360AB61E6}.Debug|Any CPU.Build.0 = Debug|Any CPU
		{660DE95C-B43D-441E-86EF-2C4360AB61E6}.Release|Any CPU.ActiveCfg = Release|Any CPU
		{660DE95C-B43D-441E-86EF-2C4360AB61E6}.Release|Any CPU.Build.0 = Release|Any CPU
		{76AE6B6F-C049-4EDE-AD25-A798EA9910DA}.Debug|Any CPU.ActiveCfg = Debug|Any CPU
		{76AE6B6F-C049-4EDE-AD25-A798EA9910DA}.Debug|Any CPU.Build.0 = Debug|Any CPU
		{76AE6B6F-C049-4EDE-AD25-A798EA9910DA}.Release|Any CPU.ActiveCfg = Release|Any CPU
		{76AE6B6F-C049-4EDE-AD25-A798EA9910DA}.Release|Any CPU.Build.0 = Release|Any CPU
		{C12FF1A8-03E5-4B5C-904B-6AEC29961186}.Debug|Any CPU.ActiveCfg = Debug|Any CPU
		{C12FF1A8-03E5-4B5C-904B-6AEC29961186}.Debug|Any CPU.Build.0 = Debug|Any CPU
		{C12FF1A8-03E5-4B5C-904B-6AEC29961186}.Release|Any CPU.ActiveCfg = Release|Any CPU
		{C12FF1A8-03E5-4B5C-904B-6AEC29961186}.Release|Any CPU.Build.0 = Release|Any CPU
		{1D37F744-C65A-46B3-B57E-9813903A3880}.Debug|Any CPU.ActiveCfg = Debug|Any CPU
		{1D37F744-C65A-46B3-B57E-9813903A3880}.Debug|Any CPU.Build.0 = Debug|Any CPU
		{1D37F744-C65A-46B3-B57E-9813903A3880}.Release|Any CPU.ActiveCfg = Release|Any CPU
		{1D37F744-C65A-46B3-B57E-9813903A3880}.Release|Any CPU.Build.0 = Release|Any CPU
	EndGlobalSection
EndGlobal
