
Microsoft Visual Studio Solution File, Format Version 12.00
# Visual Studio Version 17
VisualStudioVersion = 17.8.34330.188
MinimumVisualStudioVersion = 10.0.40219.1
Project("{FAE04EC0-301F-11D3-BF4B-00C04F79EFBC}") = "KeyHook", "KeyHook\KeyHook.csproj", "{E4DA4A5F-3AA3-487E-BC90-3C18FC667E1D}"
EndProject
Project("{9A19103F-16F7-4668-BE54-9A1E7A4F7556}") = "WpfTutorial", "WpfTutorial\WpfTutorial.csproj", "{52BD42E3-C990-4E18-9C99-1D32DD6BD4C6}"
EndProject
Project("{2150E333-8FDC-42A3-9474-1A3956D46DE8}") = "WPF", "WPF", "{B5CFD9E7-A77C-4EF1-A8B9-F809AAE8DF64}"
EndProject
Project("{9A19103F-16F7-4668-BE54-9A1E7A4F7556}") = "WpfDataBinding", "WpfDataBinding\WpfDataBinding.csproj", "{A76D3D52-2A8E-4EEF-96AB-3837DC0637E2}"
EndProject
Project("{2150E333-8FDC-42A3-9474-1A3956D46DE8}") = "WinForm", "WinForm", "{10F84CC4-E070-4F52-A0B6-7E51EF728470}"
EndProject
Project("{9A19103F-16F7-4668-BE54-9A1E7A4F7556}") = "WpfOpenFileDialog", "WpfOpenFileDialog\WpfOpenFileDialog.csproj", "{132224BE-68E4-43FB-A5CE-52178BB01C71}"
EndProject
Project("{9A19103F-16F7-4668-BE54-9A1E7A4F7556}") = "WpfListView", "WpfListView\WpfListView.csproj", "{843C3EE6-3995-47FF-8AE9-9CB6B2B33F5D}"
EndProject
Project("{9A19103F-16F7-4668-BE54-9A1E7A4F7556}") = "WpfObsv", "WpfObsv\WpfObsv.csproj", "{BDF950D2-2065-4AF2-B754-9DD997D67343}"
EndProject
Project("{9A19103F-16F7-4668-BE54-9A1E7A4F7556}") = "WpfStackPanel", "WpfStackPanel\WpfStackPanel.csproj", "{89DED1C4-9EE8-4BC5-8C30-AB9430498D90}"
EndProject
Project("{9A19103F-16F7-4668-BE54-9A1E7A4F7556}") = "WpfGridSplitter", "WpfGridSplitter\WpfGridSplitter.csproj", "{D0AAE38A-EB00-44CC-803B-DAB4B8303927}"
EndProject
Project("{9A19103F-16F7-4668-BE54-9A1E7A4F7556}") = "WpfExpander", "WpfExpander\WpfExpander.csproj", "{2609ECCE-57B4-4D0D-B3E5-5C6A1EAA62C8}"
EndProject
Project("{9A19103F-16F7-4668-BE54-9A1E7A4F7556}") = "WpfScrollViewer", "WpfScrollViewer\WpfScrollViewer.csproj", "{C8EDCA61-9777-42E3-AB14-156C2B3EBD06}"
EndProject
Project("{9A19103F-16F7-4668-BE54-9A1E7A4F7556}") = "WpfCustomWindows", "WpfCustomWindows\WpfCustomWindows.csproj", "{9E060127-ECE9-4158-9DA5-552ED2C13D6C}"
EndProject
Project("{9A19103F-16F7-4668-BE54-9A1E7A4F7556}") = "WpfOpening", "WpfOpening\WpfOpening.csproj", "{2C05F25D-7EE4-4DDA-AA5A-C2C37A94239A}"
EndProject
Project("{9A19103F-16F7-4668-BE54-9A1E7A4F7556}") = "WpfReusable", "WpfReusable\WpfReusable.csproj", "{D5F15EF5-6AC0-46CF-A60D-AC42E104EA7C}"
EndProject
Project("{9A19103F-16F7-4668-BE54-9A1E7A4F7556}") = "WpfTemplates", "WpfTemplates\WpfTemplates.csproj", "{1DEDFBA0-FB6B-42DA-967B-9AA488E5D7C9}"
EndProject
Project("{9A19103F-16F7-4668-BE54-9A1E7A4F7556}") = "WpfMVVM", "WpfMVVM\WpfMVVM.csproj", "{B5389E35-41E4-480E-876F-01C121AA4A71}"
EndProject
Project("{9A19103F-16F7-4668-BE54-9A1E7A4F7556}") = "WpfControls", "WpfControls\WpfControls.csproj", "{5552A6F7-8636-4353-AECA-286B0EBD6748}"
EndProject
Project("{9A19103F-16F7-4668-BE54-9A1E7A4F7556}") = "WpfSockets", "WpfSockets\WpfSockets.csproj", "{96011F0F-32A5-4EE7-A99C-351025E615B8}"
EndProject
Project("{9A19103F-16F7-4668-BE54-9A1E7A4F7556}") = "WpfGadgets", "WpfGadgets\WpfGadgets.csproj", "{3D8FCDED-B3D2-4CF4-9C42-36F0C9CD2346}"
EndProject
Project("{FAE04EC0-301F-11D3-BF4B-00C04F79EFBC}") = "WpfBasic", "WpfBasic\WpfBasic.csproj", "{26E4D9C3-467B-419C-8860-882C7660537F}"
EndProject
Global
	GlobalSection(SolutionConfigurationPlatforms) = preSolution
		Debug|Any CPU = Debug|Any CPU
		Debug|ARM64 = Debug|ARM64
		Debug|x64 = Debug|x64
		Debug|x86 = Debug|x86
		Release|Any CPU = Release|Any CPU
		Release|ARM64 = Release|ARM64
		Release|x64 = Release|x64
		Release|x86 = Release|x86
	EndGlobalSection
	GlobalSection(ProjectConfigurationPlatforms) = postSolution
		{E4DA4A5F-3AA3-487E-BC90-3C18FC667E1D}.Debug|Any CPU.ActiveCfg = Debug|Any CPU
		{E4DA4A5F-3AA3-487E-BC90-3C18FC667E1D}.Debug|Any CPU.Build.0 = Debug|Any CPU
		{E4DA4A5F-3AA3-487E-BC90-3C18FC667E1D}.Debug|ARM64.ActiveCfg = Debug|Any CPU
		{E4DA4A5F-3AA3-487E-BC90-3C18FC667E1D}.Debug|ARM64.Build.0 = Debug|Any CPU
		{E4DA4A5F-3AA3-487E-BC90-3C18FC667E1D}.Debug|x64.ActiveCfg = Debug|x64
		{E4DA4A5F-3AA3-487E-BC90-3C18FC667E1D}.Debug|x64.Build.0 = Debug|x64
		{E4DA4A5F-3AA3-487E-BC90-3C18FC667E1D}.Debug|x86.ActiveCfg = Debug|Any CPU
		{E4DA4A5F-3AA3-487E-BC90-3C18FC667E1D}.Debug|x86.Build.0 = Debug|Any CPU
		{E4DA4A5F-3AA3-487E-BC90-3C18FC667E1D}.Release|Any CPU.ActiveCfg = Release|Any CPU
		{E4DA4A5F-3AA3-487E-BC90-3C18FC667E1D}.Release|Any CPU.Build.0 = Release|Any CPU
		{E4DA4A5F-3AA3-487E-BC90-3C18FC667E1D}.Release|ARM64.ActiveCfg = Release|Any CPU
		{E4DA4A5F-3AA3-487E-BC90-3C18FC667E1D}.Release|ARM64.Build.0 = Release|Any CPU
		{E4DA4A5F-3AA3-487E-BC90-3C18FC667E1D}.Release|x64.ActiveCfg = Release|x64
		{E4DA4A5F-3AA3-487E-BC90-3C18FC667E1D}.Release|x64.Build.0 = Release|x64
		{E4DA4A5F-3AA3-487E-BC90-3C18FC667E1D}.Release|x86.ActiveCfg = Release|Any CPU
		{E4DA4A5F-3AA3-487E-BC90-3C18FC667E1D}.Release|x86.Build.0 = Release|Any CPU
		{52BD42E3-C990-4E18-9C99-1D32DD6BD4C6}.Debug|Any CPU.ActiveCfg = Debug|Any CPU
		{52BD42E3-C990-4E18-9C99-1D32DD6BD4C6}.Debug|Any CPU.Build.0 = Debug|Any CPU
		{52BD42E3-C990-4E18-9C99-1D32DD6BD4C6}.Debug|ARM64.ActiveCfg = Debug|Any CPU
		{52BD42E3-C990-4E18-9C99-1D32DD6BD4C6}.Debug|ARM64.Build.0 = Debug|Any CPU
		{52BD42E3-C990-4E18-9C99-1D32DD6BD4C6}.Debug|x64.ActiveCfg = Debug|x64
		{52BD42E3-C990-4E18-9C99-1D32DD6BD4C6}.Debug|x64.Build.0 = Debug|x64
		{52BD42E3-C990-4E18-9C99-1D32DD6BD4C6}.Debug|x86.ActiveCfg = Debug|Any CPU
		{52BD42E3-C990-4E18-9C99-1D32DD6BD4C6}.Debug|x86.Build.0 = Debug|Any CPU
		{52BD42E3-C990-4E18-9C99-1D32DD6BD4C6}.Release|Any CPU.ActiveCfg = Release|Any CPU
		{52BD42E3-C990-4E18-9C99-1D32DD6BD4C6}.Release|Any CPU.Build.0 = Release|Any CPU
		{52BD42E3-C990-4E18-9C99-1D32DD6BD4C6}.Release|ARM64.ActiveCfg = Release|Any CPU
		{52BD42E3-C990-4E18-9C99-1D32DD6BD4C6}.Release|ARM64.Build.0 = Release|Any CPU
		{52BD42E3-C990-4E18-9C99-1D32DD6BD4C6}.Release|x64.ActiveCfg = Release|x64
		{52BD42E3-C990-4E18-9C99-1D32DD6BD4C6}.Release|x64.Build.0 = Release|x64
		{52BD42E3-C990-4E18-9C99-1D32DD6BD4C6}.Release|x86.ActiveCfg = Release|Any CPU
		{52BD42E3-C990-4E18-9C99-1D32DD6BD4C6}.Release|x86.Build.0 = Release|Any CPU
		{A76D3D52-2A8E-4EEF-96AB-3837DC0637E2}.Debug|Any CPU.ActiveCfg = Debug|Any CPU
		{A76D3D52-2A8E-4EEF-96AB-3837DC0637E2}.Debug|Any CPU.Build.0 = Debug|Any CPU
		{A76D3D52-2A8E-4EEF-96AB-3837DC0637E2}.Debug|ARM64.ActiveCfg = Debug|Any CPU
		{A76D3D52-2A8E-4EEF-96AB-3837DC0637E2}.Debug|ARM64.Build.0 = Debug|Any CPU
		{A76D3D52-2A8E-4EEF-96AB-3837DC0637E2}.Debug|x64.ActiveCfg = Debug|Any CPU
		{A76D3D52-2A8E-4EEF-96AB-3837DC0637E2}.Debug|x64.Build.0 = Debug|Any CPU
		{A76D3D52-2A8E-4EEF-96AB-3837DC0637E2}.Debug|x86.ActiveCfg = Debug|Any CPU
		{A76D3D52-2A8E-4EEF-96AB-3837DC0637E2}.Debug|x86.Build.0 = Debug|Any CPU
		{A76D3D52-2A8E-4EEF-96AB-3837DC0637E2}.Release|Any CPU.ActiveCfg = Release|Any CPU
		{A76D3D52-2A8E-4EEF-96AB-3837DC0637E2}.Release|Any CPU.Build.0 = Release|Any CPU
		{A76D3D52-2A8E-4EEF-96AB-3837DC0637E2}.Release|ARM64.ActiveCfg = Release|Any CPU
		{A76D3D52-2A8E-4EEF-96AB-3837DC0637E2}.Release|ARM64.Build.0 = Release|Any CPU
		{A76D3D52-2A8E-4EEF-96AB-3837DC0637E2}.Release|x64.ActiveCfg = Release|Any CPU
		{A76D3D52-2A8E-4EEF-96AB-3837DC0637E2}.Release|x64.Build.0 = Release|Any CPU
		{A76D3D52-2A8E-4EEF-96AB-3837DC0637E2}.Release|x86.ActiveCfg = Release|Any CPU
		{A76D3D52-2A8E-4EEF-96AB-3837DC0637E2}.Release|x86.Build.0 = Release|Any CPU
		{132224BE-68E4-43FB-A5CE-52178BB01C71}.Debug|Any CPU.ActiveCfg = Debug|Any CPU
		{132224BE-68E4-43FB-A5CE-52178BB01C71}.Debug|Any CPU.Build.0 = Debug|Any CPU
		{132224BE-68E4-43FB-A5CE-52178BB01C71}.Debug|ARM64.ActiveCfg = Debug|Any CPU
		{132224BE-68E4-43FB-A5CE-52178BB01C71}.Debug|ARM64.Build.0 = Debug|Any CPU
		{132224BE-68E4-43FB-A5CE-52178BB01C71}.Debug|x64.ActiveCfg = Debug|Any CPU
		{132224BE-68E4-43FB-A5CE-52178BB01C71}.Debug|x64.Build.0 = Debug|Any CPU
		{132224BE-68E4-43FB-A5CE-52178BB01C71}.Debug|x86.ActiveCfg = Debug|Any CPU
		{132224BE-68E4-43FB-A5CE-52178BB01C71}.Debug|x86.Build.0 = Debug|Any CPU
		{132224BE-68E4-43FB-A5CE-52178BB01C71}.Release|Any CPU.ActiveCfg = Release|Any CPU
		{132224BE-68E4-43FB-A5CE-52178BB01C71}.Release|Any CPU.Build.0 = Release|Any CPU
		{132224BE-68E4-43FB-A5CE-52178BB01C71}.Release|ARM64.ActiveCfg = Release|Any CPU
		{132224BE-68E4-43FB-A5CE-52178BB01C71}.Release|ARM64.Build.0 = Release|Any CPU
		{132224BE-68E4-43FB-A5CE-52178BB01C71}.Release|x64.ActiveCfg = Release|Any CPU
		{132224BE-68E4-43FB-A5CE-52178BB01C71}.Release|x64.Build.0 = Release|Any CPU
		{132224BE-68E4-43FB-A5CE-52178BB01C71}.Release|x86.ActiveCfg = Release|Any CPU
		{132224BE-68E4-43FB-A5CE-52178BB01C71}.Release|x86.Build.0 = Release|Any CPU
		{843C3EE6-3995-47FF-8AE9-9CB6B2B33F5D}.Debug|Any CPU.ActiveCfg = Debug|Any CPU
		{843C3EE6-3995-47FF-8AE9-9CB6B2B33F5D}.Debug|Any CPU.Build.0 = Debug|Any CPU
		{843C3EE6-3995-47FF-8AE9-9CB6B2B33F5D}.Debug|ARM64.ActiveCfg = Debug|Any CPU
		{843C3EE6-3995-47FF-8AE9-9CB6B2B33F5D}.Debug|ARM64.Build.0 = Debug|Any CPU
		{843C3EE6-3995-47FF-8AE9-9CB6B2B33F5D}.Debug|x64.ActiveCfg = Debug|Any CPU
		{843C3EE6-3995-47FF-8AE9-9CB6B2B33F5D}.Debug|x64.Build.0 = Debug|Any CPU
		{843C3EE6-3995-47FF-8AE9-9CB6B2B33F5D}.Debug|x86.ActiveCfg = Debug|Any CPU
		{843C3EE6-3995-47FF-8AE9-9CB6B2B33F5D}.Debug|x86.Build.0 = Debug|Any CPU
		{843C3EE6-3995-47FF-8AE9-9CB6B2B33F5D}.Release|Any CPU.ActiveCfg = Release|Any CPU
		{843C3EE6-3995-47FF-8AE9-9CB6B2B33F5D}.Release|Any CPU.Build.0 = Release|Any CPU
		{843C3EE6-3995-47FF-8AE9-9CB6B2B33F5D}.Release|ARM64.ActiveCfg = Release|Any CPU
		{843C3EE6-3995-47FF-8AE9-9CB6B2B33F5D}.Release|ARM64.Build.0 = Release|Any CPU
		{843C3EE6-3995-47FF-8AE9-9CB6B2B33F5D}.Release|x64.ActiveCfg = Release|Any CPU
		{843C3EE6-3995-47FF-8AE9-9CB6B2B33F5D}.Release|x64.Build.0 = Release|Any CPU
		{843C3EE6-3995-47FF-8AE9-9CB6B2B33F5D}.Release|x86.ActiveCfg = Release|Any CPU
		{843C3EE6-3995-47FF-8AE9-9CB6B2B33F5D}.Release|x86.Build.0 = Release|Any CPU
		{BDF950D2-2065-4AF2-B754-9DD997D67343}.Debug|Any CPU.ActiveCfg = Debug|Any CPU
		{BDF950D2-2065-4AF2-B754-9DD997D67343}.Debug|Any CPU.Build.0 = Debug|Any CPU
		{BDF950D2-2065-4AF2-B754-9DD997D67343}.Debug|ARM64.ActiveCfg = Debug|Any CPU
		{BDF950D2-2065-4AF2-B754-9DD997D67343}.Debug|ARM64.Build.0 = Debug|Any CPU
		{BDF950D2-2065-4AF2-B754-9DD997D67343}.Debug|x64.ActiveCfg = Debug|Any CPU
		{BDF950D2-2065-4AF2-B754-9DD997D67343}.Debug|x64.Build.0 = Debug|Any CPU
		{BDF950D2-2065-4AF2-B754-9DD997D67343}.Debug|x86.ActiveCfg = Debug|Any CPU
		{BDF950D2-2065-4AF2-B754-9DD997D67343}.Debug|x86.Build.0 = Debug|Any CPU
		{BDF950D2-2065-4AF2-B754-9DD997D67343}.Release|Any CPU.ActiveCfg = Release|Any CPU
		{BDF950D2-2065-4AF2-B754-9DD997D67343}.Release|Any CPU.Build.0 = Release|Any CPU
		{BDF950D2-2065-4AF2-B754-9DD997D67343}.Release|ARM64.ActiveCfg = Release|Any CPU
		{BDF950D2-2065-4AF2-B754-9DD997D67343}.Release|ARM64.Build.0 = Release|Any CPU
		{BDF950D2-2065-4AF2-B754-9DD997D67343}.Release|x64.ActiveCfg = Release|Any CPU
		{BDF950D2-2065-4AF2-B754-9DD997D67343}.Release|x64.Build.0 = Release|Any CPU
		{BDF950D2-2065-4AF2-B754-9DD997D67343}.Release|x86.ActiveCfg = Release|Any CPU
		{BDF950D2-2065-4AF2-B754-9DD997D67343}.Release|x86.Build.0 = Release|Any CPU
		{89DED1C4-9EE8-4BC5-8C30-AB9430498D90}.Debug|Any CPU.ActiveCfg = Debug|Any CPU
		{89DED1C4-9EE8-4BC5-8C30-AB9430498D90}.Debug|Any CPU.Build.0 = Debug|Any CPU
		{89DED1C4-9EE8-4BC5-8C30-AB9430498D90}.Debug|ARM64.ActiveCfg = Debug|Any CPU
		{89DED1C4-9EE8-4BC5-8C30-AB9430498D90}.Debug|ARM64.Build.0 = Debug|Any CPU
		{89DED1C4-9EE8-4BC5-8C30-AB9430498D90}.Debug|x64.ActiveCfg = Debug|Any CPU
		{89DED1C4-9EE8-4BC5-8C30-AB9430498D90}.Debug|x64.Build.0 = Debug|Any CPU
		{89DED1C4-9EE8-4BC5-8C30-AB9430498D90}.Debug|x86.ActiveCfg = Debug|Any CPU
		{89DED1C4-9EE8-4BC5-8C30-AB9430498D90}.Debug|x86.Build.0 = Debug|Any CPU
		{89DED1C4-9EE8-4BC5-8C30-AB9430498D90}.Release|Any CPU.ActiveCfg = Release|Any CPU
		{89DED1C4-9EE8-4BC5-8C30-AB9430498D90}.Release|Any CPU.Build.0 = Release|Any CPU
		{89DED1C4-9EE8-4BC5-8C30-AB9430498D90}.Release|ARM64.ActiveCfg = Release|Any CPU
		{89DED1C4-9EE8-4BC5-8C30-AB9430498D90}.Release|ARM64.Build.0 = Release|Any CPU
		{89DED1C4-9EE8-4BC5-8C30-AB9430498D90}.Release|x64.ActiveCfg = Release|Any CPU
		{89DED1C4-9EE8-4BC5-8C30-AB9430498D90}.Release|x64.Build.0 = Release|Any CPU
		{89DED1C4-9EE8-4BC5-8C30-AB9430498D90}.Release|x86.ActiveCfg = Release|Any CPU
		{89DED1C4-9EE8-4BC5-8C30-AB9430498D90}.Release|x86.Build.0 = Release|Any CPU
		{D0AAE38A-EB00-44CC-803B-DAB4B8303927}.Debug|Any CPU.ActiveCfg = Debug|Any CPU
		{D0AAE38A-EB00-44CC-803B-DAB4B8303927}.Debug|Any CPU.Build.0 = Debug|Any CPU
		{D0AAE38A-EB00-44CC-803B-DAB4B8303927}.Debug|ARM64.ActiveCfg = Debug|Any CPU
		{D0AAE38A-EB00-44CC-803B-DAB4B8303927}.Debug|ARM64.Build.0 = Debug|Any CPU
		{D0AAE38A-EB00-44CC-803B-DAB4B8303927}.Debug|x64.ActiveCfg = Debug|Any CPU
		{D0AAE38A-EB00-44CC-803B-DAB4B8303927}.Debug|x64.Build.0 = Debug|Any CPU
		{D0AAE38A-EB00-44CC-803B-DAB4B8303927}.Debug|x86.ActiveCfg = Debug|Any CPU
		{D0AAE38A-EB00-44CC-803B-DAB4B8303927}.Debug|x86.Build.0 = Debug|Any CPU
		{D0AAE38A-EB00-44CC-803B-DAB4B8303927}.Release|Any CPU.ActiveCfg = Release|Any CPU
		{D0AAE38A-EB00-44CC-803B-DAB4B8303927}.Release|Any CPU.Build.0 = Release|Any CPU
		{D0AAE38A-EB00-44CC-803B-DAB4B8303927}.Release|ARM64.ActiveCfg = Release|Any CPU
		{D0AAE38A-EB00-44CC-803B-DAB4B8303927}.Release|ARM64.Build.0 = Release|Any CPU
		{D0AAE38A-EB00-44CC-803B-DAB4B8303927}.Release|x64.ActiveCfg = Release|Any CPU
		{D0AAE38A-EB00-44CC-803B-DAB4B8303927}.Release|x64.Build.0 = Release|Any CPU
		{D0AAE38A-EB00-44CC-803B-DAB4B8303927}.Release|x86.ActiveCfg = Release|Any CPU
		{D0AAE38A-EB00-44CC-803B-DAB4B8303927}.Release|x86.Build.0 = Release|Any CPU
		{2609ECCE-57B4-4D0D-B3E5-5C6A1EAA62C8}.Debug|Any CPU.ActiveCfg = Debug|Any CPU
		{2609ECCE-57B4-4D0D-B3E5-5C6A1EAA62C8}.Debug|Any CPU.Build.0 = Debug|Any CPU
		{2609ECCE-57B4-4D0D-B3E5-5C6A1EAA62C8}.Debug|ARM64.ActiveCfg = Debug|Any CPU
		{2609ECCE-57B4-4D0D-B3E5-5C6A1EAA62C8}.Debug|ARM64.Build.0 = Debug|Any CPU
		{2609ECCE-57B4-4D0D-B3E5-5C6A1EAA62C8}.Debug|x64.ActiveCfg = Debug|Any CPU
		{2609ECCE-57B4-4D0D-B3E5-5C6A1EAA62C8}.Debug|x64.Build.0 = Debug|Any CPU
		{2609ECCE-57B4-4D0D-B3E5-5C6A1EAA62C8}.Debug|x86.ActiveCfg = Debug|Any CPU
		{2609ECCE-57B4-4D0D-B3E5-5C6A1EAA62C8}.Debug|x86.Build.0 = Debug|Any CPU
		{2609ECCE-57B4-4D0D-B3E5-5C6A1EAA62C8}.Release|Any CPU.ActiveCfg = Release|Any CPU
		{2609ECCE-57B4-4D0D-B3E5-5C6A1EAA62C8}.Release|Any CPU.Build.0 = Release|Any CPU
		{2609ECCE-57B4-4D0D-B3E5-5C6A1EAA62C8}.Release|ARM64.ActiveCfg = Release|Any CPU
		{2609ECCE-57B4-4D0D-B3E5-5C6A1EAA62C8}.Release|ARM64.Build.0 = Release|Any CPU
		{2609ECCE-57B4-4D0D-B3E5-5C6A1EAA62C8}.Release|x64.ActiveCfg = Release|Any CPU
		{2609ECCE-57B4-4D0D-B3E5-5C6A1EAA62C8}.Release|x64.Build.0 = Release|Any CPU
		{2609ECCE-57B4-4D0D-B3E5-5C6A1EAA62C8}.Release|x86.ActiveCfg = Release|Any CPU
		{2609ECCE-57B4-4D0D-B3E5-5C6A1EAA62C8}.Release|x86.Build.0 = Release|Any CPU
		{C8EDCA61-9777-42E3-AB14-156C2B3EBD06}.Debug|Any CPU.ActiveCfg = Debug|Any CPU
		{C8EDCA61-9777-42E3-AB14-156C2B3EBD06}.Debug|Any CPU.Build.0 = Debug|Any CPU
		{C8EDCA61-9777-42E3-AB14-156C2B3EBD06}.Debug|ARM64.ActiveCfg = Debug|Any CPU
		{C8EDCA61-9777-42E3-AB14-156C2B3EBD06}.Debug|ARM64.Build.0 = Debug|Any CPU
		{C8EDCA61-9777-42E3-AB14-156C2B3EBD06}.Debug|x64.ActiveCfg = Debug|Any CPU
		{C8EDCA61-9777-42E3-AB14-156C2B3EBD06}.Debug|x64.Build.0 = Debug|Any CPU
		{C8EDCA61-9777-42E3-AB14-156C2B3EBD06}.Debug|x86.ActiveCfg = Debug|Any CPU
		{C8EDCA61-9777-42E3-AB14-156C2B3EBD06}.Debug|x86.Build.0 = Debug|Any CPU
		{C8EDCA61-9777-42E3-AB14-156C2B3EBD06}.Release|Any CPU.ActiveCfg = Release|Any CPU
		{C8EDCA61-9777-42E3-AB14-156C2B3EBD06}.Release|Any CPU.Build.0 = Release|Any CPU
		{C8EDCA61-9777-42E3-AB14-156C2B3EBD06}.Release|ARM64.ActiveCfg = Release|Any CPU
		{C8EDCA61-9777-42E3-AB14-156C2B3EBD06}.Release|ARM64.Build.0 = Release|Any CPU
		{C8EDCA61-9777-42E3-AB14-156C2B3EBD06}.Release|x64.ActiveCfg = Release|Any CPU
		{C8EDCA61-9777-42E3-AB14-156C2B3EBD06}.Release|x64.Build.0 = Release|Any CPU
		{C8EDCA61-9777-42E3-AB14-156C2B3EBD06}.Release|x86.ActiveCfg = Release|Any CPU
		{C8EDCA61-9777-42E3-AB14-156C2B3EBD06}.Release|x86.Build.0 = Release|Any CPU
		{9E060127-ECE9-4158-9DA5-552ED2C13D6C}.Debug|Any CPU.ActiveCfg = Debug|Any CPU
		{9E060127-ECE9-4158-9DA5-552ED2C13D6C}.Debug|Any CPU.Build.0 = Debug|Any CPU
		{9E060127-ECE9-4158-9DA5-552ED2C13D6C}.Debug|ARM64.ActiveCfg = Debug|Any CPU
		{9E060127-ECE9-4158-9DA5-552ED2C13D6C}.Debug|ARM64.Build.0 = Debug|Any CPU
		{9E060127-ECE9-4158-9DA5-552ED2C13D6C}.Debug|x64.ActiveCfg = Debug|Any CPU
		{9E060127-ECE9-4158-9DA5-552ED2C13D6C}.Debug|x64.Build.0 = Debug|Any CPU
		{9E060127-ECE9-4158-9DA5-552ED2C13D6C}.Debug|x86.ActiveCfg = Debug|Any CPU
		{9E060127-ECE9-4158-9DA5-552ED2C13D6C}.Debug|x86.Build.0 = Debug|Any CPU
		{9E060127-ECE9-4158-9DA5-552ED2C13D6C}.Release|Any CPU.ActiveCfg = Release|Any CPU
		{9E060127-ECE9-4158-9DA5-552ED2C13D6C}.Release|Any CPU.Build.0 = Release|Any CPU
		{9E060127-ECE9-4158-9DA5-552ED2C13D6C}.Release|ARM64.ActiveCfg = Release|Any CPU
		{9E060127-ECE9-4158-9DA5-552ED2C13D6C}.Release|ARM64.Build.0 = Release|Any CPU
		{9E060127-ECE9-4158-9DA5-552ED2C13D6C}.Release|x64.ActiveCfg = Release|Any CPU
		{9E060127-ECE9-4158-9DA5-552ED2C13D6C}.Release|x64.Build.0 = Release|Any CPU
		{9E060127-ECE9-4158-9DA5-552ED2C13D6C}.Release|x86.ActiveCfg = Release|Any CPU
		{9E060127-ECE9-4158-9DA5-552ED2C13D6C}.Release|x86.Build.0 = Release|Any CPU
		{2C05F25D-7EE4-4DDA-AA5A-C2C37A94239A}.Debug|Any CPU.ActiveCfg = Debug|Any CPU
		{2C05F25D-7EE4-4DDA-AA5A-C2C37A94239A}.Debug|Any CPU.Build.0 = Debug|Any CPU
		{2C05F25D-7EE4-4DDA-AA5A-C2C37A94239A}.Debug|ARM64.ActiveCfg = Debug|Any CPU
		{2C05F25D-7EE4-4DDA-AA5A-C2C37A94239A}.Debug|ARM64.Build.0 = Debug|Any CPU
		{2C05F25D-7EE4-4DDA-AA5A-C2C37A94239A}.Debug|x64.ActiveCfg = Debug|Any CPU
		{2C05F25D-7EE4-4DDA-AA5A-C2C37A94239A}.Debug|x64.Build.0 = Debug|Any CPU
		{2C05F25D-7EE4-4DDA-AA5A-C2C37A94239A}.Debug|x86.ActiveCfg = Debug|Any CPU
		{2C05F25D-7EE4-4DDA-AA5A-C2C37A94239A}.Debug|x86.Build.0 = Debug|Any CPU
		{2C05F25D-7EE4-4DDA-AA5A-C2C37A94239A}.Release|Any CPU.ActiveCfg = Release|Any CPU
		{2C05F25D-7EE4-4DDA-AA5A-C2C37A94239A}.Release|Any CPU.Build.0 = Release|Any CPU
		{2C05F25D-7EE4-4DDA-AA5A-C2C37A94239A}.Release|ARM64.ActiveCfg = Release|Any CPU
		{2C05F25D-7EE4-4DDA-AA5A-C2C37A94239A}.Release|ARM64.Build.0 = Release|Any CPU
		{2C05F25D-7EE4-4DDA-AA5A-C2C37A94239A}.Release|x64.ActiveCfg = Release|Any CPU
		{2C05F25D-7EE4-4DDA-AA5A-C2C37A94239A}.Release|x64.Build.0 = Release|Any CPU
		{2C05F25D-7EE4-4DDA-AA5A-C2C37A94239A}.Release|x86.ActiveCfg = Release|Any CPU
		{2C05F25D-7EE4-4DDA-AA5A-C2C37A94239A}.Release|x86.Build.0 = Release|Any CPU
		{D5F15EF5-6AC0-46CF-A60D-AC42E104EA7C}.Debug|Any CPU.ActiveCfg = Debug|Any CPU
		{D5F15EF5-6AC0-46CF-A60D-AC42E104EA7C}.Debug|Any CPU.Build.0 = Debug|Any CPU
		{D5F15EF5-6AC0-46CF-A60D-AC42E104EA7C}.Debug|ARM64.ActiveCfg = Debug|Any CPU
		{D5F15EF5-6AC0-46CF-A60D-AC42E104EA7C}.Debug|ARM64.Build.0 = Debug|Any CPU
		{D5F15EF5-6AC0-46CF-A60D-AC42E104EA7C}.Debug|x64.ActiveCfg = Debug|Any CPU
		{D5F15EF5-6AC0-46CF-A60D-AC42E104EA7C}.Debug|x64.Build.0 = Debug|Any CPU
		{D5F15EF5-6AC0-46CF-A60D-AC42E104EA7C}.Debug|x86.ActiveCfg = Debug|Any CPU
		{D5F15EF5-6AC0-46CF-A60D-AC42E104EA7C}.Debug|x86.Build.0 = Debug|Any CPU
		{D5F15EF5-6AC0-46CF-A60D-AC42E104EA7C}.Release|Any CPU.ActiveCfg = Release|Any CPU
		{D5F15EF5-6AC0-46CF-A60D-AC42E104EA7C}.Release|Any CPU.Build.0 = Release|Any CPU
		{D5F15EF5-6AC0-46CF-A60D-AC42E104EA7C}.Release|ARM64.ActiveCfg = Release|Any CPU
		{D5F15EF5-6AC0-46CF-A60D-AC42E104EA7C}.Release|ARM64.Build.0 = Release|Any CPU
		{D5F15EF5-6AC0-46CF-A60D-AC42E104EA7C}.Release|x64.ActiveCfg = Release|Any CPU
		{D5F15EF5-6AC0-46CF-A60D-AC42E104EA7C}.Release|x64.Build.0 = Release|Any CPU
		{D5F15EF5-6AC0-46CF-A60D-AC42E104EA7C}.Release|x86.ActiveCfg = Release|Any CPU
		{D5F15EF5-6AC0-46CF-A60D-AC42E104EA7C}.Release|x86.Build.0 = Release|Any CPU
		{1DEDFBA0-FB6B-42DA-967B-9AA488E5D7C9}.Debug|Any CPU.ActiveCfg = Debug|Any CPU
		{1DEDFBA0-FB6B-42DA-967B-9AA488E5D7C9}.Debug|Any CPU.Build.0 = Debug|Any CPU
		{1DEDFBA0-FB6B-42DA-967B-9AA488E5D7C9}.Debug|ARM64.ActiveCfg = Debug|Any CPU
		{1DEDFBA0-FB6B-42DA-967B-9AA488E5D7C9}.Debug|ARM64.Build.0 = Debug|Any CPU
		{1DEDFBA0-FB6B-42DA-967B-9AA488E5D7C9}.Debug|x64.ActiveCfg = Debug|Any CPU
		{1DEDFBA0-FB6B-42DA-967B-9AA488E5D7C9}.Debug|x64.Build.0 = Debug|Any CPU
		{1DEDFBA0-FB6B-42DA-967B-9AA488E5D7C9}.Debug|x86.ActiveCfg = Debug|Any CPU
		{1DEDFBA0-FB6B-42DA-967B-9AA488E5D7C9}.Debug|x86.Build.0 = Debug|Any CPU
		{1DEDFBA0-FB6B-42DA-967B-9AA488E5D7C9}.Release|Any CPU.ActiveCfg = Release|Any CPU
		{1DEDFBA0-FB6B-42DA-967B-9AA488E5D7C9}.Release|Any CPU.Build.0 = Release|Any CPU
		{1DEDFBA0-FB6B-42DA-967B-9AA488E5D7C9}.Release|ARM64.ActiveCfg = Release|Any CPU
		{1DEDFBA0-FB6B-42DA-967B-9AA488E5D7C9}.Release|ARM64.Build.0 = Release|Any CPU
		{1DEDFBA0-FB6B-42DA-967B-9AA488E5D7C9}.Release|x64.ActiveCfg = Release|Any CPU
		{1DEDFBA0-FB6B-42DA-967B-9AA488E5D7C9}.Release|x64.Build.0 = Release|Any CPU
		{1DEDFBA0-FB6B-42DA-967B-9AA488E5D7C9}.Release|x86.ActiveCfg = Release|Any CPU
		{1DEDFBA0-FB6B-42DA-967B-9AA488E5D7C9}.Release|x86.Build.0 = Release|Any CPU
		{B5389E35-41E4-480E-876F-01C121AA4A71}.Debug|Any CPU.ActiveCfg = Debug|Any CPU
		{B5389E35-41E4-480E-876F-01C121AA4A71}.Debug|Any CPU.Build.0 = Debug|Any CPU
		{B5389E35-41E4-480E-876F-01C121AA4A71}.Debug|ARM64.ActiveCfg = Debug|Any CPU
		{B5389E35-41E4-480E-876F-01C121AA4A71}.Debug|ARM64.Build.0 = Debug|Any CPU
		{B5389E35-41E4-480E-876F-01C121AA4A71}.Debug|x64.ActiveCfg = Debug|Any CPU
		{B5389E35-41E4-480E-876F-01C121AA4A71}.Debug|x64.Build.0 = Debug|Any CPU
		{B5389E35-41E4-480E-876F-01C121AA4A71}.Debug|x86.ActiveCfg = Debug|Any CPU
		{B5389E35-41E4-480E-876F-01C121AA4A71}.Debug|x86.Build.0 = Debug|Any CPU
		{B5389E35-41E4-480E-876F-01C121AA4A71}.Release|Any CPU.ActiveCfg = Release|Any CPU
		{B5389E35-41E4-480E-876F-01C121AA4A71}.Release|Any CPU.Build.0 = Release|Any CPU
		{B5389E35-41E4-480E-876F-01C121AA4A71}.Release|ARM64.ActiveCfg = Release|Any CPU
		{B5389E35-41E4-480E-876F-01C121AA4A71}.Release|ARM64.Build.0 = Release|Any CPU
		{B5389E35-41E4-480E-876F-01C121AA4A71}.Release|x64.ActiveCfg = Release|Any CPU
		{B5389E35-41E4-480E-876F-01C121AA4A71}.Release|x64.Build.0 = Release|Any CPU
		{B5389E35-41E4-480E-876F-01C121AA4A71}.Release|x86.ActiveCfg = Release|Any CPU
		{B5389E35-41E4-480E-876F-01C121AA4A71}.Release|x86.Build.0 = Release|Any CPU
		{5552A6F7-8636-4353-AECA-286B0EBD6748}.Debug|Any CPU.ActiveCfg = Debug|Any CPU
		{5552A6F7-8636-4353-AECA-286B0EBD6748}.Debug|Any CPU.Build.0 = Debug|Any CPU
		{5552A6F7-8636-4353-AECA-286B0EBD6748}.Debug|ARM64.ActiveCfg = Debug|Any CPU
		{5552A6F7-8636-4353-AECA-286B0EBD6748}.Debug|ARM64.Build.0 = Debug|Any CPU
		{5552A6F7-8636-4353-AECA-286B0EBD6748}.Debug|x64.ActiveCfg = Debug|Any CPU
		{5552A6F7-8636-4353-AECA-286B0EBD6748}.Debug|x64.Build.0 = Debug|Any CPU
		{5552A6F7-8636-4353-AECA-286B0EBD6748}.Debug|x86.ActiveCfg = Debug|Any CPU
		{5552A6F7-8636-4353-AECA-286B0EBD6748}.Debug|x86.Build.0 = Debug|Any CPU
		{5552A6F7-8636-4353-AECA-286B0EBD6748}.Release|Any CPU.ActiveCfg = Release|Any CPU
		{5552A6F7-8636-4353-AECA-286B0EBD6748}.Release|Any CPU.Build.0 = Release|Any CPU
		{5552A6F7-8636-4353-AECA-286B0EBD6748}.Release|ARM64.ActiveCfg = Release|Any CPU
		{5552A6F7-8636-4353-AECA-286B0EBD6748}.Release|ARM64.Build.0 = Release|Any CPU
		{5552A6F7-8636-4353-AECA-286B0EBD6748}.Release|x64.ActiveCfg = Release|Any CPU
		{5552A6F7-8636-4353-AECA-286B0EBD6748}.Release|x64.Build.0 = Release|Any CPU
		{5552A6F7-8636-4353-AECA-286B0EBD6748}.Release|x86.ActiveCfg = Release|Any CPU
		{5552A6F7-8636-4353-AECA-286B0EBD6748}.Release|x86.Build.0 = Release|Any CPU
		{96011F0F-32A5-4EE7-A99C-351025E615B8}.Debug|Any CPU.ActiveCfg = Debug|Any CPU
		{96011F0F-32A5-4EE7-A99C-351025E615B8}.Debug|Any CPU.Build.0 = Debug|Any CPU
		{96011F0F-32A5-4EE7-A99C-351025E615B8}.Debug|ARM64.ActiveCfg = Debug|Any CPU
		{96011F0F-32A5-4EE7-A99C-351025E615B8}.Debug|ARM64.Build.0 = Debug|Any CPU
		{96011F0F-32A5-4EE7-A99C-351025E615B8}.Debug|x64.ActiveCfg = Debug|Any CPU
		{96011F0F-32A5-4EE7-A99C-351025E615B8}.Debug|x64.Build.0 = Debug|Any CPU
		{96011F0F-32A5-4EE7-A99C-351025E615B8}.Debug|x86.ActiveCfg = Debug|Any CPU
		{96011F0F-32A5-4EE7-A99C-351025E615B8}.Debug|x86.Build.0 = Debug|Any CPU
		{96011F0F-32A5-4EE7-A99C-351025E615B8}.Release|Any CPU.ActiveCfg = Release|Any CPU
		{96011F0F-32A5-4EE7-A99C-351025E615B8}.Release|Any CPU.Build.0 = Release|Any CPU
		{96011F0F-32A5-4EE7-A99C-351025E615B8}.Release|ARM64.ActiveCfg = Release|Any CPU
		{96011F0F-32A5-4EE7-A99C-351025E615B8}.Release|ARM64.Build.0 = Release|Any CPU
		{96011F0F-32A5-4EE7-A99C-351025E615B8}.Release|x64.ActiveCfg = Release|Any CPU
		{96011F0F-32A5-4EE7-A99C-351025E615B8}.Release|x64.Build.0 = Release|Any CPU
		{96011F0F-32A5-4EE7-A99C-351025E615B8}.Release|x86.ActiveCfg = Release|Any CPU
		{96011F0F-32A5-4EE7-A99C-351025E615B8}.Release|x86.Build.0 = Release|Any CPU
		{3D8FCDED-B3D2-4CF4-9C42-36F0C9CD2346}.Debug|Any CPU.ActiveCfg = Debug|Any CPU
		{3D8FCDED-B3D2-4CF4-9C42-36F0C9CD2346}.Debug|Any CPU.Build.0 = Debug|Any CPU
		{3D8FCDED-B3D2-4CF4-9C42-36F0C9CD2346}.Debug|ARM64.ActiveCfg = Debug|Any CPU
		{3D8FCDED-B3D2-4CF4-9C42-36F0C9CD2346}.Debug|ARM64.Build.0 = Debug|Any CPU
		{3D8FCDED-B3D2-4CF4-9C42-36F0C9CD2346}.Debug|x64.ActiveCfg = Debug|Any CPU
		{3D8FCDED-B3D2-4CF4-9C42-36F0C9CD2346}.Debug|x64.Build.0 = Debug|Any CPU
		{3D8FCDED-B3D2-4CF4-9C42-36F0C9CD2346}.Debug|x86.ActiveCfg = Debug|Any CPU
		{3D8FCDED-B3D2-4CF4-9C42-36F0C9CD2346}.Debug|x86.Build.0 = Debug|Any CPU
		{3D8FCDED-B3D2-4CF4-9C42-36F0C9CD2346}.Release|Any CPU.ActiveCfg = Release|Any CPU
		{3D8FCDED-B3D2-4CF4-9C42-36F0C9CD2346}.Release|Any CPU.Build.0 = Release|Any CPU
		{3D8FCDED-B3D2-4CF4-9C42-36F0C9CD2346}.Release|ARM64.ActiveCfg = Release|Any CPU
		{3D8FCDED-B3D2-4CF4-9C42-36F0C9CD2346}.Release|ARM64.Build.0 = Release|Any CPU
		{3D8FCDED-B3D2-4CF4-9C42-36F0C9CD2346}.Release|x64.ActiveCfg = Release|Any CPU
		{3D8FCDED-B3D2-4CF4-9C42-36F0C9CD2346}.Release|x64.Build.0 = Release|Any CPU
		{3D8FCDED-B3D2-4CF4-9C42-36F0C9CD2346}.Release|x86.ActiveCfg = Release|Any CPU
		{3D8FCDED-B3D2-4CF4-9C42-36F0C9CD2346}.Release|x86.Build.0 = Release|Any CPU
		{26E4D9C3-467B-419C-8860-882C7660537F}.Debug|Any CPU.ActiveCfg = Debug|Any CPU
		{26E4D9C3-467B-419C-8860-882C7660537F}.Debug|Any CPU.Build.0 = Debug|Any CPU
		{26E4D9C3-467B-419C-8860-882C7660537F}.Debug|ARM64.ActiveCfg = Debug|Any CPU
		{26E4D9C3-467B-419C-8860-882C7660537F}.Debug|ARM64.Build.0 = Debug|Any CPU
		{26E4D9C3-467B-419C-8860-882C7660537F}.Debug|x64.ActiveCfg = Debug|Any CPU
		{26E4D9C3-467B-419C-8860-882C7660537F}.Debug|x64.Build.0 = Debug|Any CPU
		{26E4D9C3-467B-419C-8860-882C7660537F}.Debug|x86.ActiveCfg = Debug|Any CPU
		{26E4D9C3-467B-419C-8860-882C7660537F}.Debug|x86.Build.0 = Debug|Any CPU
		{26E4D9C3-467B-419C-8860-882C7660537F}.Release|Any CPU.ActiveCfg = Release|Any CPU
		{26E4D9C3-467B-419C-8860-882C7660537F}.Release|Any CPU.Build.0 = Release|Any CPU
		{26E4D9C3-467B-419C-8860-882C7660537F}.Release|ARM64.ActiveCfg = Release|Any CPU
		{26E4D9C3-467B-419C-8860-882C7660537F}.Release|ARM64.Build.0 = Release|Any CPU
		{26E4D9C3-467B-419C-8860-882C7660537F}.Release|x64.ActiveCfg = Release|Any CPU
		{26E4D9C3-467B-419C-8860-882C7660537F}.Release|x64.Build.0 = Release|Any CPU
		{26E4D9C3-467B-419C-8860-882C7660537F}.Release|x86.ActiveCfg = Release|Any CPU
		{26E4D9C3-467B-419C-8860-882C7660537F}.Release|x86.Build.0 = Release|Any CPU
	EndGlobalSection
	GlobalSection(SolutionProperties) = preSolution
		HideSolutionNode = FALSE
	EndGlobalSection
	GlobalSection(NestedProjects) = preSolution
		{E4DA4A5F-3AA3-487E-BC90-3C18FC667E1D} = {10F84CC4-E070-4F52-A0B6-7E51EF728470}
		{52BD42E3-C990-4E18-9C99-1D32DD6BD4C6} = {B5CFD9E7-A77C-4EF1-A8B9-F809AAE8DF64}
		{A76D3D52-2A8E-4EEF-96AB-3837DC0637E2} = {B5CFD9E7-A77C-4EF1-A8B9-F809AAE8DF64}
		{132224BE-68E4-43FB-A5CE-52178BB01C71} = {B5CFD9E7-A77C-4EF1-A8B9-F809AAE8DF64}
		{843C3EE6-3995-47FF-8AE9-9CB6B2B33F5D} = {B5CFD9E7-A77C-4EF1-A8B9-F809AAE8DF64}
		{BDF950D2-2065-4AF2-B754-9DD997D67343} = {B5CFD9E7-A77C-4EF1-A8B9-F809AAE8DF64}
		{89DED1C4-9EE8-4BC5-8C30-AB9430498D90} = {B5CFD9E7-A77C-4EF1-A8B9-F809AAE8DF64}
		{D0AAE38A-EB00-44CC-803B-DAB4B8303927} = {B5CFD9E7-A77C-4EF1-A8B9-F809AAE8DF64}
		{2609ECCE-57B4-4D0D-B3E5-5C6A1EAA62C8} = {B5CFD9E7-A77C-4EF1-A8B9-F809AAE8DF64}
		{C8EDCA61-9777-42E3-AB14-156C2B3EBD06} = {B5CFD9E7-A77C-4EF1-A8B9-F809AAE8DF64}
		{9E060127-ECE9-4158-9DA5-552ED2C13D6C} = {B5CFD9E7-A77C-4EF1-A8B9-F809AAE8DF64}
		{2C05F25D-7EE4-4DDA-AA5A-C2C37A94239A} = {B5CFD9E7-A77C-4EF1-A8B9-F809AAE8DF64}
		{D5F15EF5-6AC0-46CF-A60D-AC42E104EA7C} = {B5CFD9E7-A77C-4EF1-A8B9-F809AAE8DF64}
		{1DEDFBA0-FB6B-42DA-967B-9AA488E5D7C9} = {B5CFD9E7-A77C-4EF1-A8B9-F809AAE8DF64}
		{B5389E35-41E4-480E-876F-01C121AA4A71} = {B5CFD9E7-A77C-4EF1-A8B9-F809AAE8DF64}
		{5552A6F7-8636-4353-AECA-286B0EBD6748} = {B5CFD9E7-A77C-4EF1-A8B9-F809AAE8DF64}
		{96011F0F-32A5-4EE7-A99C-351025E615B8} = {B5CFD9E7-A77C-4EF1-A8B9-F809AAE8DF64}
		{3D8FCDED-B3D2-4CF4-9C42-36F0C9CD2346} = {B5CFD9E7-A77C-4EF1-A8B9-F809AAE8DF64}
		{26E4D9C3-467B-419C-8860-882C7660537F} = {B5CFD9E7-A77C-4EF1-A8B9-F809AAE8DF64}
	EndGlobalSection
	GlobalSection(ExtensibilityGlobals) = postSolution
		SolutionGuid = {43A9D1E5-4B48-4C78-A9C2-B70567FC6B71}
	EndGlobalSection
EndGlobal
